
Microsoft Visual Studio Solution File, Format Version 12.00
# Visual Studio 15
VisualStudioVersion = 15.0.26730.16
MinimumVisualStudioVersion = 10.0.40219.1
Project("{FAE04EC0-301F-11D3-BF4B-00C04F79EFBC}") = "Chirst Temple Kid Finder", "Chirst Temple Kid Finder\Chirst Temple Kid Finder.csproj", "{5477E0FA-4519-4EDC-A4A2-03275D84B993}"
EndProject
Global
	GlobalSection(SolutionConfigurationPlatforms) = preSolution
		Debug|Any CPU = Debug|Any CPU
		Release|Any CPU = Release|Any CPU
	EndGlobalSection
	GlobalSection(ProjectConfigurationPlatforms) = postSolution
		{5477E0FA-4519-4EDC-A4A2-03275D84B993}.Debug|Any CPU.ActiveCfg = Debug|Any CPU
		{5477E0FA-4519-4EDC-A4A2-03275D84B993}.Debug|Any CPU.Build.0 = Debug|Any CPU
		{5477E0FA-4519-4EDC-A4A2-03275D84B993}.Release|Any CPU.ActiveCfg = Release|Any CPU
		{5477E0FA-4519-4EDC-A4A2-03275D84B993}.Release|Any CPU.Build.0 = Release|Any CPU
	EndGlobalSection
	GlobalSection(SolutionProperties) = preSolution
		HideSolutionNode = FALSE
	EndGlobalSection
	GlobalSection(ExtensibilityGlobals) = postSolution
		SolutionGuid = {755F3629-3BF5-4D95-B0AC-399E9487CF81}
	EndGlobalSection
EndGlobal
